
Microsoft Visual Studio Solution File, Format Version 12.00
# Visual Studio Version 17
VisualStudioVersion = 17.5.002.0
MinimumVisualStudioVersion = 10.0.40219.1
Project("{9A19103F-16F7-4668-BE54-9A1E7A4F7556}") = "api", "api.csproj", "{C11B5625-6186-413D-8F9F-607738395DAC}"
EndProject
Global
	GlobalSection(SolutionConfigurationPlatforms) = preSolution
		Debug|Any CPU = Debug|Any CPU
		Release|Any CPU = Release|Any CPU
	EndGlobalSection
	GlobalSection(ProjectConfigurationPlatforms) = postSolution
		{C11B5625-6186-413D-8F9F-607738395DAC}.Debug|Any CPU.ActiveCfg = Debug|Any CPU
		{C11B5625-6186-413D-8F9F-607738395DAC}.Debug|Any CPU.Build.0 = Debug|Any CPU
		{C11B5625-6186-413D-8F9F-607738395DAC}.Release|Any CPU.ActiveCfg = Release|Any CPU
		{C11B5625-6186-413D-8F9F-607738395DAC}.Release|Any CPU.Build.0 = Release|Any CPU
	EndGlobalSection
	GlobalSection(SolutionProperties) = preSolution
		HideSolutionNode = FALSE
	EndGlobalSection
	GlobalSection(ExtensibilityGlobals) = postSolution
		SolutionGuid = {861F2283-869C-455A-BF7D-B58925171306}
	EndGlobalSection
EndGlobal
